
Microsoft Visual Studio Solution File, Format Version 12.00
# Visual Studio Version 17
VisualStudioVersion = 17.9.34607.119
MinimumVisualStudioVersion = 10.0.40219.1
Project("{FAE04EC0-301F-11D3-BF4B-00C04F79EFBC}") = "TicketAPI", "TicketAPI\TicketAPI.csproj", "{32423542-382F-4130-B9C9-84E4B363C05F}"
EndProject
Global
	GlobalSection(SolutionConfigurationPlatforms) = preSolution
		Debug|Any CPU = Debug|Any CPU
		Release|Any CPU = Release|Any CPU
	EndGlobalSection
	GlobalSection(ProjectConfigurationPlatforms) = postSolution
		{32423542-382F-4130-B9C9-84E4B363C05F}.Debug|Any CPU.ActiveCfg = Debug|Any CPU
		{32423542-382F-4130-B9C9-84E4B363C05F}.Debug|Any CPU.Build.0 = Debug|Any CPU
		{32423542-382F-4130-B9C9-84E4B363C05F}.Release|Any CPU.ActiveCfg = Release|Any CPU
		{32423542-382F-4130-B9C9-84E4B363C05F}.Release|Any CPU.Build.0 = Release|Any CPU
	EndGlobalSection
	GlobalSection(SolutionProperties) = preSolution
		HideSolutionNode = FALSE
	EndGlobalSection
	GlobalSection(ExtensibilityGlobals) = postSolution
		SolutionGuid = {3F22DF8A-372B-44F3-A158-5E379533A51D}
	EndGlobalSection
EndGlobal
